
Microsoft Visual Studio Solution File, Format Version 12.00
# Visual Studio Version 17
VisualStudioVersion = 17.12.35707.178
MinimumVisualStudioVersion = 10.0.40219.1
Project("{FAE04EC0-301F-11D3-BF4B-00C04F79EFBC}") = "_2508", "_2508\_2508.csproj", "{05D8A688-6BF5-4086-9722-B509113B8E00}"
EndProject
Project("{FAE04EC0-301F-11D3-BF4B-00C04F79EFBC}") = "_1072", "_1072\_1072.csproj", "{51017202-0B9C-4B6F-ABBE-59FA60A7BA48}"
EndProject
Project("{FAE04EC0-301F-11D3-BF4B-00C04F79EFBC}") = "_27648", "_27648\_27648.csproj", "{29386F47-3AC6-4EB9-AD19-ACCB68E43783}"
EndProject
Project("{FAE04EC0-301F-11D3-BF4B-00C04F79EFBC}") = "_25176", "_25176\_25176.csproj", "{B3A62A3F-38D9-43A6-8816-DF8E7C054902}"
EndProject
Project("{FAE04EC0-301F-11D3-BF4B-00C04F79EFBC}") = "_10844", "_10844\_10844.csproj", "{C240D519-9404-43AF-956E-4D4BBA88073E}"
EndProject
Project("{FAE04EC0-301F-11D3-BF4B-00C04F79EFBC}") = "_4948", "_4948\_4948.csproj", "{165440BB-0F07-4ADF-AD0B-C38EA291B074}"
EndProject
Project("{FAE04EC0-301F-11D3-BF4B-00C04F79EFBC}") = "_2789", "_2789\_2789.csproj", "{98238048-2411-4785-9F9A-D7B08E0FAC0C}"
EndProject
Project("{FAE04EC0-301F-11D3-BF4B-00C04F79EFBC}") = "_4299", "_4299\_4299.csproj", "{871443DA-D39A-48DF-B45B-88AB8406D3E5}"
EndProject
Project("{FAE04EC0-301F-11D3-BF4B-00C04F79EFBC}") = "_14652", "_14652\_14652.csproj", "{3A0A5DE6-7027-414C-9A66-5FD5EFF55F8B}"
EndProject
Project("{FAE04EC0-301F-11D3-BF4B-00C04F79EFBC}") = "_5565", "_5565\_5565.csproj", "{5C0FA996-C7F0-405B-8D34-EE2C77E01A28}"
EndProject
Project("{FAE04EC0-301F-11D3-BF4B-00C04F79EFBC}") = "_5554", "_5554\_5554.csproj", "{3F8F2AEF-753A-4BA1-8E79-31A99CD23F96}"
EndProject
Project("{FAE04EC0-301F-11D3-BF4B-00C04F79EFBC}") = "_13752", "_13752\_13752.csproj", "{CF9736AD-032E-49F9-A9BB-09BD2546BC9A}"
EndProject
Project("{FAE04EC0-301F-11D3-BF4B-00C04F79EFBC}") = "_10162", "_10162\_10162.csproj", "{43D5B1E4-87CD-4178-A9E4-EA665DC10574}"
EndProject
Project("{FAE04EC0-301F-11D3-BF4B-00C04F79EFBC}") = "_1009", "_1009\_1009.csproj", "{F61F1D75-5449-4E23-82DE-787331DE30E7}"
EndProject
Project("{FAE04EC0-301F-11D3-BF4B-00C04F79EFBC}") = "_25625", "_25625\_25625.csproj", "{999ECFFA-2710-4750-BC54-6253D09AA5B1}"
EndProject
Project("{FAE04EC0-301F-11D3-BF4B-00C04F79EFBC}") = "_2605", "_2605\_2605.csproj", "{38585B89-FA5B-4E7D-9687-9549E32D8D86}"
EndProject
Project("{FAE04EC0-301F-11D3-BF4B-00C04F79EFBC}") = "_14467", "_14467\_14467.csproj", "{718E2C22-1729-4F12-A7D7-C787BC1BB471}"
EndProject
Project("{FAE04EC0-301F-11D3-BF4B-00C04F79EFBC}") = "_7513", "_7513\_7513.csproj", "{7AA01AC0-A124-406C-AF2C-3D582DBBC90F}"
EndProject
Project("{FAE04EC0-301F-11D3-BF4B-00C04F79EFBC}") = "_13118", "_13118\_13118.csproj", "{01F32232-3F1C-4259-BD30-ABBABE32C3C5}"
EndProject
Project("{FAE04EC0-301F-11D3-BF4B-00C04F79EFBC}") = "_28235", "_28235\_28235.csproj", "{772A5523-62F0-4BDD-AA88-8B23F986F667}"
EndProject
Project("{FAE04EC0-301F-11D3-BF4B-00C04F79EFBC}") = "_16170", "_16170\_16170.csproj", "{BDD519D4-D491-4073-AE76-541786DD6487}"
EndProject
Project("{FAE04EC0-301F-11D3-BF4B-00C04F79EFBC}") = "_17362", "_17362\_17362.csproj", "{BAB2CA9B-C0E1-4E60-94F5-E16E39AD03AD}"
EndProject
Project("{FAE04EC0-301F-11D3-BF4B-00C04F79EFBC}") = "_26068", "_26068\_26068.csproj", "{11F7F75C-1665-4A4E-89C8-815DB8721F3C}"
EndProject
Project("{FAE04EC0-301F-11D3-BF4B-00C04F79EFBC}") = "_25642", "_25642\_25642.csproj", "{CC35FCF6-E7B4-49AF-BFCB-AA778040426E}"
EndProject
Project("{FAE04EC0-301F-11D3-BF4B-00C04F79EFBC}") = "_2139", "_2139\_2139.csproj", "{DE99AA66-CD20-45AA-91E1-75DF8C10459D}"
EndProject
Project("{FAE04EC0-301F-11D3-BF4B-00C04F79EFBC}") = "_18512", "_18512\_18512.csproj", "{637B0B2B-0F94-421E-8986-86CAC1D346B3}"
EndProject
Project("{FAE04EC0-301F-11D3-BF4B-00C04F79EFBC}") = "_7785", "_7785\_7785.csproj", "{9BCDD9BC-9B59-454B-B99E-368CA9CD47F5}"
EndProject
Project("{FAE04EC0-301F-11D3-BF4B-00C04F79EFBC}") = "_13136", "_13136\_13136.csproj", "{48B5BD69-7F4C-4ED8-93C4-E23F8B7D529F}"
EndProject
Project("{FAE04EC0-301F-11D3-BF4B-00C04F79EFBC}") = "_32215", "_32215\_32215.csproj", "{D5A2E6FB-3695-4819-A29A-D5BA119B2397}"
EndProject
Project("{FAE04EC0-301F-11D3-BF4B-00C04F79EFBC}") = "_2857", "_2857\_2857.csproj", "{5B640D7E-CA40-4889-B65D-D90695BDFBA9}"
EndProject
Project("{FAE04EC0-301F-11D3-BF4B-00C04F79EFBC}") = "_2959", "_2959\_2959.csproj", "{7B28EB30-0D18-495B-A48C-0FD6D9FA4609}"
EndProject
Project("{FAE04EC0-301F-11D3-BF4B-00C04F79EFBC}") = "_4335", "_4335\_4335.csproj", "{DE93F994-2EA5-4F08-8CF1-F37F01B7AF80}"
EndProject
Project("{FAE04EC0-301F-11D3-BF4B-00C04F79EFBC}") = "_4108", "_4108\_4108.csproj", "{7CF97358-B5AC-4761-8590-539D240EB505}"
EndProject
Project("{FAE04EC0-301F-11D3-BF4B-00C04F79EFBC}") = "_8949", "_8949\_8949.csproj", "{A0F8563C-FC72-4BB1-96F6-18773618F38D}"
EndProject
Project("{FAE04EC0-301F-11D3-BF4B-00C04F79EFBC}") = "_14425", "_14425\_14425.csproj", "{D1C247DE-F5AC-45F2-B4F2-568F6B8A5772}"
EndProject
Project("{FAE04EC0-301F-11D3-BF4B-00C04F79EFBC}") = "_9037", "_9037\_9037.csproj", "{5422AA29-8A95-4007-B26A-82BC6BABCD70}"
EndProject
Project("{FAE04EC0-301F-11D3-BF4B-00C04F79EFBC}") = "_31880", "_31880\_31880.csproj", "{6A21D62E-5F10-481E-A504-91793B345D0C}"
EndProject
Project("{FAE04EC0-301F-11D3-BF4B-00C04F79EFBC}") = "_3062", "_3062\_3062.csproj", "{ECD4F82B-9375-4393-ADC5-43ED9E8416C5}"
EndProject
Project("{FAE04EC0-301F-11D3-BF4B-00C04F79EFBC}") = "_6131", "_6131\_6131.csproj", "{8B549473-DCEA-4078-8ADE-2EFD610E2E30}"
EndProject
Project("{FAE04EC0-301F-11D3-BF4B-00C04F79EFBC}") = "_14626", "_14626\_14626.csproj", "{C2A90E0D-EDBC-4E96-AE93-EB796D435672}"
EndProject
Project("{FAE04EC0-301F-11D3-BF4B-00C04F79EFBC}") = "_28113", "_28113\_28113.csproj", "{F092A253-4207-46AA-8619-37AF4CC55304}"
EndProject
Project("{FAE04EC0-301F-11D3-BF4B-00C04F79EFBC}") = "_17173", "_17173\_17173.csproj", "{54CD1D43-4A3D-460A-AAE6-78E44EC49E21}"
EndProject
Global
	GlobalSection(SolutionConfigurationPlatforms) = preSolution
		Debug|Any CPU = Debug|Any CPU
		Release|Any CPU = Release|Any CPU
	EndGlobalSection
	GlobalSection(ProjectConfigurationPlatforms) = postSolution
		{05D8A688-6BF5-4086-9722-B509113B8E00}.Debug|Any CPU.ActiveCfg = Debug|Any CPU
		{05D8A688-6BF5-4086-9722-B509113B8E00}.Debug|Any CPU.Build.0 = Debug|Any CPU
		{05D8A688-6BF5-4086-9722-B509113B8E00}.Release|Any CPU.ActiveCfg = Release|Any CPU
		{05D8A688-6BF5-4086-9722-B509113B8E00}.Release|Any CPU.Build.0 = Release|Any CPU
		{51017202-0B9C-4B6F-ABBE-59FA60A7BA48}.Debug|Any CPU.ActiveCfg = Debug|Any CPU
		{51017202-0B9C-4B6F-ABBE-59FA60A7BA48}.Debug|Any CPU.Build.0 = Debug|Any CPU
		{51017202-0B9C-4B6F-ABBE-59FA60A7BA48}.Release|Any CPU.ActiveCfg = Release|Any CPU
		{51017202-0B9C-4B6F-ABBE-59FA60A7BA48}.Release|Any CPU.Build.0 = Release|Any CPU
		{29386F47-3AC6-4EB9-AD19-ACCB68E43783}.Debug|Any CPU.ActiveCfg = Debug|Any CPU
		{29386F47-3AC6-4EB9-AD19-ACCB68E43783}.Debug|Any CPU.Build.0 = Debug|Any CPU
		{29386F47-3AC6-4EB9-AD19-ACCB68E43783}.Release|Any CPU.ActiveCfg = Release|Any CPU
		{29386F47-3AC6-4EB9-AD19-ACCB68E43783}.Release|Any CPU.Build.0 = Release|Any CPU
		{B3A62A3F-38D9-43A6-8816-DF8E7C054902}.Debug|Any CPU.ActiveCfg = Debug|Any CPU
		{B3A62A3F-38D9-43A6-8816-DF8E7C054902}.Debug|Any CPU.Build.0 = Debug|Any CPU
		{B3A62A3F-38D9-43A6-8816-DF8E7C054902}.Release|Any CPU.ActiveCfg = Release|Any CPU
		{B3A62A3F-38D9-43A6-8816-DF8E7C054902}.Release|Any CPU.Build.0 = Release|Any CPU
		{C240D519-9404-43AF-956E-4D4BBA88073E}.Debug|Any CPU.ActiveCfg = Debug|Any CPU
		{C240D519-9404-43AF-956E-4D4BBA88073E}.Debug|Any CPU.Build.0 = Debug|Any CPU
		{C240D519-9404-43AF-956E-4D4BBA88073E}.Release|Any CPU.ActiveCfg = Release|Any CPU
		{C240D519-9404-43AF-956E-4D4BBA88073E}.Release|Any CPU.Build.0 = Release|Any CPU
		{165440BB-0F07-4ADF-AD0B-C38EA291B074}.Debug|Any CPU.ActiveCfg = Debug|Any CPU
		{165440BB-0F07-4ADF-AD0B-C38EA291B074}.Debug|Any CPU.Build.0 = Debug|Any CPU
		{165440BB-0F07-4ADF-AD0B-C38EA291B074}.Release|Any CPU.ActiveCfg = Release|Any CPU
		{165440BB-0F07-4ADF-AD0B-C38EA291B074}.Release|Any CPU.Build.0 = Release|Any CPU
		{98238048-2411-4785-9F9A-D7B08E0FAC0C}.Debug|Any CPU.ActiveCfg = Debug|Any CPU
		{98238048-2411-4785-9F9A-D7B08E0FAC0C}.Debug|Any CPU.Build.0 = Debug|Any CPU
		{98238048-2411-4785-9F9A-D7B08E0FAC0C}.Release|Any CPU.ActiveCfg = Release|Any CPU
		{98238048-2411-4785-9F9A-D7B08E0FAC0C}.Release|Any CPU.Build.0 = Release|Any CPU
		{871443DA-D39A-48DF-B45B-88AB8406D3E5}.Debug|Any CPU.ActiveCfg = Debug|Any CPU
		{871443DA-D39A-48DF-B45B-88AB8406D3E5}.Debug|Any CPU.Build.0 = Debug|Any CPU
		{871443DA-D39A-48DF-B45B-88AB8406D3E5}.Release|Any CPU.ActiveCfg = Release|Any CPU
		{871443DA-D39A-48DF-B45B-88AB8406D3E5}.Release|Any CPU.Build.0 = Release|Any CPU
		{3A0A5DE6-7027-414C-9A66-5FD5EFF55F8B}.Debug|Any CPU.ActiveCfg = Debug|Any CPU
		{3A0A5DE6-7027-414C-9A66-5FD5EFF55F8B}.Debug|Any CPU.Build.0 = Debug|Any CPU
		{3A0A5DE6-7027-414C-9A66-5FD5EFF55F8B}.Release|Any CPU.ActiveCfg = Release|Any CPU
		{3A0A5DE6-7027-414C-9A66-5FD5EFF55F8B}.Release|Any CPU.Build.0 = Release|Any CPU
		{5C0FA996-C7F0-405B-8D34-EE2C77E01A28}.Debug|Any CPU.ActiveCfg = Debug|Any CPU
		{5C0FA996-C7F0-405B-8D34-EE2C77E01A28}.Debug|Any CPU.Build.0 = Debug|Any CPU
		{5C0FA996-C7F0-405B-8D34-EE2C77E01A28}.Release|Any CPU.ActiveCfg = Release|Any CPU
		{5C0FA996-C7F0-405B-8D34-EE2C77E01A28}.Release|Any CPU.Build.0 = Release|Any CPU
		{3F8F2AEF-753A-4BA1-8E79-31A99CD23F96}.Debug|Any CPU.ActiveCfg = Debug|Any CPU
		{3F8F2AEF-753A-4BA1-8E79-31A99CD23F96}.Debug|Any CPU.Build.0 = Debug|Any CPU
		{3F8F2AEF-753A-4BA1-8E79-31A99CD23F96}.Release|Any CPU.ActiveCfg = Release|Any CPU
		{3F8F2AEF-753A-4BA1-8E79-31A99CD23F96}.Release|Any CPU.Build.0 = Release|Any CPU
		{CF9736AD-032E-49F9-A9BB-09BD2546BC9A}.Debug|Any CPU.ActiveCfg = Debug|Any CPU
		{CF9736AD-032E-49F9-A9BB-09BD2546BC9A}.Debug|Any CPU.Build.0 = Debug|Any CPU
		{CF9736AD-032E-49F9-A9BB-09BD2546BC9A}.Release|Any CPU.ActiveCfg = Release|Any CPU
		{CF9736AD-032E-49F9-A9BB-09BD2546BC9A}.Release|Any CPU.Build.0 = Release|Any CPU
		{43D5B1E4-87CD-4178-A9E4-EA665DC10574}.Debug|Any CPU.ActiveCfg = Debug|Any CPU
		{43D5B1E4-87CD-4178-A9E4-EA665DC10574}.Debug|Any CPU.Build.0 = Debug|Any CPU
		{43D5B1E4-87CD-4178-A9E4-EA665DC10574}.Release|Any CPU.ActiveCfg = Release|Any CPU
		{43D5B1E4-87CD-4178-A9E4-EA665DC10574}.Release|Any CPU.Build.0 = Release|Any CPU
		{F61F1D75-5449-4E23-82DE-787331DE30E7}.Debug|Any CPU.ActiveCfg = Debug|Any CPU
		{F61F1D75-5449-4E23-82DE-787331DE30E7}.Debug|Any CPU.Build.0 = Debug|Any CPU
		{F61F1D75-5449-4E23-82DE-787331DE30E7}.Release|Any CPU.ActiveCfg = Release|Any CPU
		{F61F1D75-5449-4E23-82DE-787331DE30E7}.Release|Any CPU.Build.0 = Release|Any CPU
		{999ECFFA-2710-4750-BC54-6253D09AA5B1}.Debug|Any CPU.ActiveCfg = Debug|Any CPU
		{999ECFFA-2710-4750-BC54-6253D09AA5B1}.Debug|Any CPU.Build.0 = Debug|Any CPU
		{999ECFFA-2710-4750-BC54-6253D09AA5B1}.Release|Any CPU.ActiveCfg = Release|Any CPU
		{999ECFFA-2710-4750-BC54-6253D09AA5B1}.Release|Any CPU.Build.0 = Release|Any CPU
		{38585B89-FA5B-4E7D-9687-9549E32D8D86}.Debug|Any CPU.ActiveCfg = Debug|Any CPU
		{38585B89-FA5B-4E7D-9687-9549E32D8D86}.Debug|Any CPU.Build.0 = Debug|Any CPU
		{38585B89-FA5B-4E7D-9687-9549E32D8D86}.Release|Any CPU.ActiveCfg = Release|Any CPU
		{38585B89-FA5B-4E7D-9687-9549E32D8D86}.Release|Any CPU.Build.0 = Release|Any CPU
		{718E2C22-1729-4F12-A7D7-C787BC1BB471}.Debug|Any CPU.ActiveCfg = Debug|Any CPU
		{718E2C22-1729-4F12-A7D7-C787BC1BB471}.Debug|Any CPU.Build.0 = Debug|Any CPU
		{718E2C22-1729-4F12-A7D7-C787BC1BB471}.Release|Any CPU.ActiveCfg = Release|Any CPU
		{718E2C22-1729-4F12-A7D7-C787BC1BB471}.Release|Any CPU.Build.0 = Release|Any CPU
		{7AA01AC0-A124-406C-AF2C-3D582DBBC90F}.Debug|Any CPU.ActiveCfg = Debug|Any CPU
		{7AA01AC0-A124-406C-AF2C-3D582DBBC90F}.Debug|Any CPU.Build.0 = Debug|Any CPU
		{7AA01AC0-A124-406C-AF2C-3D582DBBC90F}.Release|Any CPU.ActiveCfg = Release|Any CPU
		{7AA01AC0-A124-406C-AF2C-3D582DBBC90F}.Release|Any CPU.Build.0 = Release|Any CPU
		{01F32232-3F1C-4259-BD30-ABBABE32C3C5}.Debug|Any CPU.ActiveCfg = Debug|Any CPU
		{01F32232-3F1C-4259-BD30-ABBABE32C3C5}.Debug|Any CPU.Build.0 = Debug|Any CPU
		{01F32232-3F1C-4259-BD30-ABBABE32C3C5}.Release|Any CPU.ActiveCfg = Release|Any CPU
		{01F32232-3F1C-4259-BD30-ABBABE32C3C5}.Release|Any CPU.Build.0 = Release|Any CPU
		{772A5523-62F0-4BDD-AA88-8B23F986F667}.Debug|Any CPU.ActiveCfg = Debug|Any CPU
		{772A5523-62F0-4BDD-AA88-8B23F986F667}.Debug|Any CPU.Build.0 = Debug|Any CPU
		{772A5523-62F0-4BDD-AA88-8B23F986F667}.Release|Any CPU.ActiveCfg = Release|Any CPU
		{772A5523-62F0-4BDD-AA88-8B23F986F667}.Release|Any CPU.Build.0 = Release|Any CPU
		{BDD519D4-D491-4073-AE76-541786DD6487}.Debug|Any CPU.ActiveCfg = Debug|Any CPU
		{BDD519D4-D491-4073-AE76-541786DD6487}.Debug|Any CPU.Build.0 = Debug|Any CPU
		{BDD519D4-D491-4073-AE76-541786DD6487}.Release|Any CPU.ActiveCfg = Release|Any CPU
		{BDD519D4-D491-4073-AE76-541786DD6487}.Release|Any CPU.Build.0 = Release|Any CPU
		{BAB2CA9B-C0E1-4E60-94F5-E16E39AD03AD}.Debug|Any CPU.ActiveCfg = Debug|Any CPU
		{BAB2CA9B-C0E1-4E60-94F5-E16E39AD03AD}.Debug|Any CPU.Build.0 = Debug|Any CPU
		{BAB2CA9B-C0E1-4E60-94F5-E16E39AD03AD}.Release|Any CPU.ActiveCfg = Release|Any CPU
		{BAB2CA9B-C0E1-4E60-94F5-E16E39AD03AD}.Release|Any CPU.Build.0 = Release|Any CPU
		{11F7F75C-1665-4A4E-89C8-815DB8721F3C}.Debug|Any CPU.ActiveCfg = Debug|Any CPU
		{11F7F75C-1665-4A4E-89C8-815DB8721F3C}.Debug|Any CPU.Build.0 = Debug|Any CPU
		{11F7F75C-1665-4A4E-89C8-815DB8721F3C}.Release|Any CPU.ActiveCfg = Release|Any CPU
		{11F7F75C-1665-4A4E-89C8-815DB8721F3C}.Release|Any CPU.Build.0 = Release|Any CPU
		{CC35FCF6-E7B4-49AF-BFCB-AA778040426E}.Debug|Any CPU.ActiveCfg = Debug|Any CPU
		{CC35FCF6-E7B4-49AF-BFCB-AA778040426E}.Debug|Any CPU.Build.0 = Debug|Any CPU
		{CC35FCF6-E7B4-49AF-BFCB-AA778040426E}.Release|Any CPU.ActiveCfg = Release|Any CPU
		{CC35FCF6-E7B4-49AF-BFCB-AA778040426E}.Release|Any CPU.Build.0 = Release|Any CPU
		{DE99AA66-CD20-45AA-91E1-75DF8C10459D}.Debug|Any CPU.ActiveCfg = Debug|Any CPU
		{DE99AA66-CD20-45AA-91E1-75DF8C10459D}.Debug|Any CPU.Build.0 = Debug|Any CPU
		{DE99AA66-CD20-45AA-91E1-75DF8C10459D}.Release|Any CPU.ActiveCfg = Release|Any CPU
		{DE99AA66-CD20-45AA-91E1-75DF8C10459D}.Release|Any CPU.Build.0 = Release|Any CPU
		{637B0B2B-0F94-421E-8986-86CAC1D346B3}.Debug|Any CPU.ActiveCfg = Debug|Any CPU
		{637B0B2B-0F94-421E-8986-86CAC1D346B3}.Debug|Any CPU.Build.0 = Debug|Any CPU
		{637B0B2B-0F94-421E-8986-86CAC1D346B3}.Release|Any CPU.ActiveCfg = Release|Any CPU
		{637B0B2B-0F94-421E-8986-86CAC1D346B3}.Release|Any CPU.Build.0 = Release|Any CPU
		{9BCDD9BC-9B59-454B-B99E-368CA9CD47F5}.Debug|Any CPU.ActiveCfg = Debug|Any CPU
		{9BCDD9BC-9B59-454B-B99E-368CA9CD47F5}.Debug|Any CPU.Build.0 = Debug|Any CPU
		{9BCDD9BC-9B59-454B-B99E-368CA9CD47F5}.Release|Any CPU.ActiveCfg = Release|Any CPU
		{9BCDD9BC-9B59-454B-B99E-368CA9CD47F5}.Release|Any CPU.Build.0 = Release|Any CPU
		{48B5BD69-7F4C-4ED8-93C4-E23F8B7D529F}.Debug|Any CPU.ActiveCfg = Debug|Any CPU
		{48B5BD69-7F4C-4ED8-93C4-E23F8B7D529F}.Debug|Any CPU.Build.0 = Debug|Any CPU
		{48B5BD69-7F4C-4ED8-93C4-E23F8B7D529F}.Release|Any CPU.ActiveCfg = Release|Any CPU
		{48B5BD69-7F4C-4ED8-93C4-E23F8B7D529F}.Release|Any CPU.Build.0 = Release|Any CPU
		{D5A2E6FB-3695-4819-A29A-D5BA119B2397}.Debug|Any CPU.ActiveCfg = Debug|Any CPU
		{D5A2E6FB-3695-4819-A29A-D5BA119B2397}.Debug|Any CPU.Build.0 = Debug|Any CPU
		{D5A2E6FB-3695-4819-A29A-D5BA119B2397}.Release|Any CPU.ActiveCfg = Release|Any CPU
		{D5A2E6FB-3695-4819-A29A-D5BA119B2397}.Release|Any CPU.Build.0 = Release|Any CPU
		{5B640D7E-CA40-4889-B65D-D90695BDFBA9}.Debug|Any CPU.ActiveCfg = Debug|Any CPU
		{5B640D7E-CA40-4889-B65D-D90695BDFBA9}.Debug|Any CPU.Build.0 = Debug|Any CPU
		{5B640D7E-CA40-4889-B65D-D90695BDFBA9}.Release|Any CPU.ActiveCfg = Release|Any CPU
		{5B640D7E-CA40-4889-B65D-D90695BDFBA9}.Release|Any CPU.Build.0 = Release|Any CPU
		{7B28EB30-0D18-495B-A48C-0FD6D9FA4609}.Debug|Any CPU.ActiveCfg = Debug|Any CPU
		{7B28EB30-0D18-495B-A48C-0FD6D9FA4609}.Debug|Any CPU.Build.0 = Debug|Any CPU
		{7B28EB30-0D18-495B-A48C-0FD6D9FA4609}.Release|Any CPU.ActiveCfg = Release|Any CPU
		{7B28EB30-0D18-495B-A48C-0FD6D9FA4609}.Release|Any CPU.Build.0 = Release|Any CPU
		{DE93F994-2EA5-4F08-8CF1-F37F01B7AF80}.Debug|Any CPU.ActiveCfg = Debug|Any CPU
		{DE93F994-2EA5-4F08-8CF1-F37F01B7AF80}.Debug|Any CPU.Build.0 = Debug|Any CPU
		{DE93F994-2EA5-4F08-8CF1-F37F01B7AF80}.Release|Any CPU.ActiveCfg = Release|Any CPU
		{DE93F994-2EA5-4F08-8CF1-F37F01B7AF80}.Release|Any CPU.Build.0 = Release|Any CPU
		{7CF97358-B5AC-4761-8590-539D240EB505}.Debug|Any CPU.ActiveCfg = Debug|Any CPU
		{7CF97358-B5AC-4761-8590-539D240EB505}.Debug|Any CPU.Build.0 = Debug|Any CPU
		{7CF97358-B5AC-4761-8590-539D240EB505}.Release|Any CPU.ActiveCfg = Release|Any CPU
		{7CF97358-B5AC-4761-8590-539D240EB505}.Release|Any CPU.Build.0 = Release|Any CPU
		{A0F8563C-FC72-4BB1-96F6-18773618F38D}.Debug|Any CPU.ActiveCfg = Debug|Any CPU
		{A0F8563C-FC72-4BB1-96F6-18773618F38D}.Debug|Any CPU.Build.0 = Debug|Any CPU
		{A0F8563C-FC72-4BB1-96F6-18773618F38D}.Release|Any CPU.ActiveCfg = Release|Any CPU
		{A0F8563C-FC72-4BB1-96F6-18773618F38D}.Release|Any CPU.Build.0 = Release|Any CPU
		{D1C247DE-F5AC-45F2-B4F2-568F6B8A5772}.Debug|Any CPU.ActiveCfg = Debug|Any CPU
		{D1C247DE-F5AC-45F2-B4F2-568F6B8A5772}.Debug|Any CPU.Build.0 = Debug|Any CPU
		{D1C247DE-F5AC-45F2-B4F2-568F6B8A5772}.Release|Any CPU.ActiveCfg = Release|Any CPU
		{D1C247DE-F5AC-45F2-B4F2-568F6B8A5772}.Release|Any CPU.Build.0 = Release|Any CPU
		{5422AA29-8A95-4007-B26A-82BC6BABCD70}.Debug|Any CPU.ActiveCfg = Debug|Any CPU
		{5422AA29-8A95-4007-B26A-82BC6BABCD70}.Debug|Any CPU.Build.0 = Debug|Any CPU
		{5422AA29-8A95-4007-B26A-82BC6BABCD70}.Release|Any CPU.ActiveCfg = Release|Any CPU
		{5422AA29-8A95-4007-B26A-82BC6BABCD70}.Release|Any CPU.Build.0 = Release|Any CPU
		{6A21D62E-5F10-481E-A504-91793B345D0C}.Debug|Any CPU.ActiveCfg = Debug|Any CPU
		{6A21D62E-5F10-481E-A504-91793B345D0C}.Debug|Any CPU.Build.0 = Debug|Any CPU
		{6A21D62E-5F10-481E-A504-91793B345D0C}.Release|Any CPU.ActiveCfg = Release|Any CPU
		{6A21D62E-5F10-481E-A504-91793B345D0C}.Release|Any CPU.Build.0 = Release|Any CPU
		{ECD4F82B-9375-4393-ADC5-43ED9E8416C5}.Debug|Any CPU.ActiveCfg = Debug|Any CPU
		{ECD4F82B-9375-4393-ADC5-43ED9E8416C5}.Debug|Any CPU.Build.0 = Debug|Any CPU
		{ECD4F82B-9375-4393-ADC5-43ED9E8416C5}.Release|Any CPU.ActiveCfg = Release|Any CPU
		{ECD4F82B-9375-4393-ADC5-43ED9E8416C5}.Release|Any CPU.Build.0 = Release|Any CPU
		{8B549473-DCEA-4078-8ADE-2EFD610E2E30}.Debug|Any CPU.ActiveCfg = Debug|Any CPU
		{8B549473-DCEA-4078-8ADE-2EFD610E2E30}.Debug|Any CPU.Build.0 = Debug|Any CPU
		{8B549473-DCEA-4078-8ADE-2EFD610E2E30}.Release|Any CPU.ActiveCfg = Release|Any CPU
		{8B549473-DCEA-4078-8ADE-2EFD610E2E30}.Release|Any CPU.Build.0 = Release|Any CPU
		{C2A90E0D-EDBC-4E96-AE93-EB796D435672}.Debug|Any CPU.ActiveCfg = Debug|Any CPU
		{C2A90E0D-EDBC-4E96-AE93-EB796D435672}.Debug|Any CPU.Build.0 = Debug|Any CPU
		{C2A90E0D-EDBC-4E96-AE93-EB796D435672}.Release|Any CPU.ActiveCfg = Release|Any CPU
		{C2A90E0D-EDBC-4E96-AE93-EB796D435672}.Release|Any CPU.Build.0 = Release|Any CPU
		{F092A253-4207-46AA-8619-37AF4CC55304}.Debug|Any CPU.ActiveCfg = Debug|Any CPU
		{F092A253-4207-46AA-8619-37AF4CC55304}.Debug|Any CPU.Build.0 = Debug|Any CPU
		{F092A253-4207-46AA-8619-37AF4CC55304}.Release|Any CPU.ActiveCfg = Release|Any CPU
		{F092A253-4207-46AA-8619-37AF4CC55304}.Release|Any CPU.Build.0 = Release|Any CPU
		{54CD1D43-4A3D-460A-AAE6-78E44EC49E21}.Debug|Any CPU.ActiveCfg = Debug|Any CPU
		{54CD1D43-4A3D-460A-AAE6-78E44EC49E21}.Debug|Any CPU.Build.0 = Debug|Any CPU
		{54CD1D43-4A3D-460A-AAE6-78E44EC49E21}.Release|Any CPU.ActiveCfg = Release|Any CPU
		{54CD1D43-4A3D-460A-AAE6-78E44EC49E21}.Release|Any CPU.Build.0 = Release|Any CPU
	EndGlobalSection
	GlobalSection(SolutionProperties) = preSolution
		HideSolutionNode = FALSE
	EndGlobalSection
	GlobalSection(ExtensibilityGlobals) = postSolution
		SolutionGuid = {ABAE5FF5-4DB3-4911-9A91-D3FB2DDF946D}
	EndGlobalSection
EndGlobal
