
Microsoft Visual Studio Solution File, Format Version 12.00
# Visual Studio Version 17
VisualStudioVersion = 17.12.35707.178
MinimumVisualStudioVersion = 10.0.40219.1
Project("{FAE04EC0-301F-11D3-BF4B-00C04F79EFBC}") = "_2508", "_2508\_2508.csproj", "{05D8A688-6BF5-4086-9722-B509113B8E00}"
EndProject
Project("{FAE04EC0-301F-11D3-BF4B-00C04F79EFBC}") = "_1072", "_1072\_1072.csproj", "{51017202-0B9C-4B6F-ABBE-59FA60A7BA48}"
EndProject
Project("{FAE04EC0-301F-11D3-BF4B-00C04F79EFBC}") = "_27648", "_27648\_27648.csproj", "{29386F47-3AC6-4EB9-AD19-ACCB68E43783}"
EndProject
Project("{FAE04EC0-301F-11D3-BF4B-00C04F79EFBC}") = "_25176", "_25176\_25176.csproj", "{B3A62A3F-38D9-43A6-8816-DF8E7C054902}"
EndProject
Project("{FAE04EC0-301F-11D3-BF4B-00C04F79EFBC}") = "_10844", "_10844\_10844.csproj", "{C240D519-9404-43AF-956E-4D4BBA88073E}"
EndProject
Project("{FAE04EC0-301F-11D3-BF4B-00C04F79EFBC}") = "_4948", "_4948\_4948.csproj", "{165440BB-0F07-4ADF-AD0B-C38EA291B074}"
EndProject
Project("{FAE04EC0-301F-11D3-BF4B-00C04F79EFBC}") = "_2789", "_2789\_2789.csproj", "{98238048-2411-4785-9F9A-D7B08E0FAC0C}"
EndProject
Project("{FAE04EC0-301F-11D3-BF4B-00C04F79EFBC}") = "_4299", "_4299\_4299.csproj", "{871443DA-D39A-48DF-B45B-88AB8406D3E5}"
EndProject
Global
	GlobalSection(SolutionConfigurationPlatforms) = preSolution
		Debug|Any CPU = Debug|Any CPU
		Release|Any CPU = Release|Any CPU
	EndGlobalSection
	GlobalSection(ProjectConfigurationPlatforms) = postSolution
		{05D8A688-6BF5-4086-9722-B509113B8E00}.Debug|Any CPU.ActiveCfg = Debug|Any CPU
		{05D8A688-6BF5-4086-9722-B509113B8E00}.Debug|Any CPU.Build.0 = Debug|Any CPU
		{05D8A688-6BF5-4086-9722-B509113B8E00}.Release|Any CPU.ActiveCfg = Release|Any CPU
		{05D8A688-6BF5-4086-9722-B509113B8E00}.Release|Any CPU.Build.0 = Release|Any CPU
		{51017202-0B9C-4B6F-ABBE-59FA60A7BA48}.Debug|Any CPU.ActiveCfg = Debug|Any CPU
		{51017202-0B9C-4B6F-ABBE-59FA60A7BA48}.Debug|Any CPU.Build.0 = Debug|Any CPU
		{51017202-0B9C-4B6F-ABBE-59FA60A7BA48}.Release|Any CPU.ActiveCfg = Release|Any CPU
		{51017202-0B9C-4B6F-ABBE-59FA60A7BA48}.Release|Any CPU.Build.0 = Release|Any CPU
		{29386F47-3AC6-4EB9-AD19-ACCB68E43783}.Debug|Any CPU.ActiveCfg = Debug|Any CPU
		{29386F47-3AC6-4EB9-AD19-ACCB68E43783}.Debug|Any CPU.Build.0 = Debug|Any CPU
		{29386F47-3AC6-4EB9-AD19-ACCB68E43783}.Release|Any CPU.ActiveCfg = Release|Any CPU
		{29386F47-3AC6-4EB9-AD19-ACCB68E43783}.Release|Any CPU.Build.0 = Release|Any CPU
		{B3A62A3F-38D9-43A6-8816-DF8E7C054902}.Debug|Any CPU.ActiveCfg = Debug|Any CPU
		{B3A62A3F-38D9-43A6-8816-DF8E7C054902}.Debug|Any CPU.Build.0 = Debug|Any CPU
		{B3A62A3F-38D9-43A6-8816-DF8E7C054902}.Release|Any CPU.ActiveCfg = Release|Any CPU
		{B3A62A3F-38D9-43A6-8816-DF8E7C054902}.Release|Any CPU.Build.0 = Release|Any CPU
		{C240D519-9404-43AF-956E-4D4BBA88073E}.Debug|Any CPU.ActiveCfg = Debug|Any CPU
		{C240D519-9404-43AF-956E-4D4BBA88073E}.Debug|Any CPU.Build.0 = Debug|Any CPU
		{C240D519-9404-43AF-956E-4D4BBA88073E}.Release|Any CPU.ActiveCfg = Release|Any CPU
		{C240D519-9404-43AF-956E-4D4BBA88073E}.Release|Any CPU.Build.0 = Release|Any CPU
		{165440BB-0F07-4ADF-AD0B-C38EA291B074}.Debug|Any CPU.ActiveCfg = Debug|Any CPU
		{165440BB-0F07-4ADF-AD0B-C38EA291B074}.Debug|Any CPU.Build.0 = Debug|Any CPU
		{165440BB-0F07-4ADF-AD0B-C38EA291B074}.Release|Any CPU.ActiveCfg = Release|Any CPU
		{165440BB-0F07-4ADF-AD0B-C38EA291B074}.Release|Any CPU.Build.0 = Release|Any CPU
		{98238048-2411-4785-9F9A-D7B08E0FAC0C}.Debug|Any CPU.ActiveCfg = Debug|Any CPU
		{98238048-2411-4785-9F9A-D7B08E0FAC0C}.Debug|Any CPU.Build.0 = Debug|Any CPU
		{98238048-2411-4785-9F9A-D7B08E0FAC0C}.Release|Any CPU.ActiveCfg = Release|Any CPU
		{98238048-2411-4785-9F9A-D7B08E0FAC0C}.Release|Any CPU.Build.0 = Release|Any CPU
		{871443DA-D39A-48DF-B45B-88AB8406D3E5}.Debug|Any CPU.ActiveCfg = Debug|Any CPU
		{871443DA-D39A-48DF-B45B-88AB8406D3E5}.Debug|Any CPU.Build.0 = Debug|Any CPU
		{871443DA-D39A-48DF-B45B-88AB8406D3E5}.Release|Any CPU.ActiveCfg = Release|Any CPU
		{871443DA-D39A-48DF-B45B-88AB8406D3E5}.Release|Any CPU.Build.0 = Release|Any CPU
	EndGlobalSection
	GlobalSection(SolutionProperties) = preSolution
		HideSolutionNode = FALSE
	EndGlobalSection
	GlobalSection(ExtensibilityGlobals) = postSolution
		SolutionGuid = {ABAE5FF5-4DB3-4911-9A91-D3FB2DDF946D}
	EndGlobalSection
EndGlobal
