
Microsoft Visual Studio Solution File, Format Version 12.00
# Visual Studio Version 18
VisualStudioVersion = 18.0.11217.181
MinimumVisualStudioVersion = 10.0.40219.1
Project("{FAE04EC0-301F-11D3-BF4B-00C04F79EFBC}") = "NHN_3", "NHN_3\NHN_3.csproj", "{A2BD40E4-669F-4F76-AB97-258BAE1455A3}"
EndProject
Project("{FAE04EC0-301F-11D3-BF4B-00C04F79EFBC}") = "_1043", "_1043\_1043.csproj", "{DF6C8D8F-7843-4519-A8E2-04235E13C600}"
EndProject
Project("{FAE04EC0-301F-11D3-BF4B-00C04F79EFBC}") = "_25600", "_25600\_25600.csproj", "{F608E80F-4C6E-5EFA-2088-CE3536082CDF}"
EndProject
Project("{FAE04EC0-301F-11D3-BF4B-00C04F79EFBC}") = "_31823", "_31823\_31823.csproj", "{36F8E95C-18D3-4BA0-B1AF-D9FF3830C232}"
EndProject
Project("{FAE04EC0-301F-11D3-BF4B-00C04F79EFBC}") = "_22277", "_22277\_22277.csproj", "{648E697C-011E-452A-A46D-25CC6CE39A16}"
EndProject
Project("{FAE04EC0-301F-11D3-BF4B-00C04F79EFBC}") = "_32544", "_32544\_32544.csproj", "{96A5829A-95F7-425C-92FC-4F0E78C3550F}"
EndProject
Project("{FAE04EC0-301F-11D3-BF4B-00C04F79EFBC}") = "_12033", "_12033\_12033.csproj", "{4F35FCEB-5C31-44E5-8F88-895608DF729B}"
EndProject
Project("{FAE04EC0-301F-11D3-BF4B-00C04F79EFBC}") = "_1037", "_1037\_1037.csproj", "{2339D0B1-2793-415C-BE69-896A7345E6F4}"
EndProject
Project("{FAE04EC0-301F-11D3-BF4B-00C04F79EFBC}") = "_31246", "_31246\_31246.csproj", "{85959071-2F3D-47FA-AD4E-CBA8335D2A54}"
EndProject
Project("{FAE04EC0-301F-11D3-BF4B-00C04F79EFBC}") = "_17249", "_17249\_17249.csproj", "{78BBFDA3-C099-4B92-906E-331651B3B812}"
EndProject
Project("{FAE04EC0-301F-11D3-BF4B-00C04F79EFBC}") = "_13236", "_13236\_13236.csproj", "{5B668B00-41E3-417E-A3AC-D8FD0326DF39}"
EndProject
Project("{FAE04EC0-301F-11D3-BF4B-00C04F79EFBC}") = "_14889", "_14889\_14889.csproj", "{75A9EDEE-8D3A-4C8E-ACE9-4B32B9CEBCEC}"
EndProject
Project("{FAE04EC0-301F-11D3-BF4B-00C04F79EFBC}") = "_11328", "_11328\_11328.csproj", "{6CBC5C3E-A770-4460-8BAF-26E2532EDC3E}"
EndProject
Global
	GlobalSection(SolutionConfigurationPlatforms) = preSolution
		Debug|Any CPU = Debug|Any CPU
		Release|Any CPU = Release|Any CPU
	EndGlobalSection
	GlobalSection(ProjectConfigurationPlatforms) = postSolution
		{A2BD40E4-669F-4F76-AB97-258BAE1455A3}.Debug|Any CPU.ActiveCfg = Debug|Any CPU
		{A2BD40E4-669F-4F76-AB97-258BAE1455A3}.Debug|Any CPU.Build.0 = Debug|Any CPU
		{A2BD40E4-669F-4F76-AB97-258BAE1455A3}.Release|Any CPU.ActiveCfg = Release|Any CPU
		{A2BD40E4-669F-4F76-AB97-258BAE1455A3}.Release|Any CPU.Build.0 = Release|Any CPU
		{DF6C8D8F-7843-4519-A8E2-04235E13C600}.Debug|Any CPU.ActiveCfg = Debug|Any CPU
		{DF6C8D8F-7843-4519-A8E2-04235E13C600}.Debug|Any CPU.Build.0 = Debug|Any CPU
		{DF6C8D8F-7843-4519-A8E2-04235E13C600}.Release|Any CPU.ActiveCfg = Release|Any CPU
		{DF6C8D8F-7843-4519-A8E2-04235E13C600}.Release|Any CPU.Build.0 = Release|Any CPU
		{F608E80F-4C6E-5EFA-2088-CE3536082CDF}.Debug|Any CPU.ActiveCfg = Debug|Any CPU
		{F608E80F-4C6E-5EFA-2088-CE3536082CDF}.Debug|Any CPU.Build.0 = Debug|Any CPU
		{F608E80F-4C6E-5EFA-2088-CE3536082CDF}.Release|Any CPU.ActiveCfg = Release|Any CPU
		{F608E80F-4C6E-5EFA-2088-CE3536082CDF}.Release|Any CPU.Build.0 = Release|Any CPU
		{36F8E95C-18D3-4BA0-B1AF-D9FF3830C232}.Debug|Any CPU.ActiveCfg = Debug|Any CPU
		{36F8E95C-18D3-4BA0-B1AF-D9FF3830C232}.Debug|Any CPU.Build.0 = Debug|Any CPU
		{36F8E95C-18D3-4BA0-B1AF-D9FF3830C232}.Release|Any CPU.ActiveCfg = Release|Any CPU
		{36F8E95C-18D3-4BA0-B1AF-D9FF3830C232}.Release|Any CPU.Build.0 = Release|Any CPU
		{648E697C-011E-452A-A46D-25CC6CE39A16}.Debug|Any CPU.ActiveCfg = Debug|Any CPU
		{648E697C-011E-452A-A46D-25CC6CE39A16}.Debug|Any CPU.Build.0 = Debug|Any CPU
		{648E697C-011E-452A-A46D-25CC6CE39A16}.Release|Any CPU.ActiveCfg = Release|Any CPU
		{648E697C-011E-452A-A46D-25CC6CE39A16}.Release|Any CPU.Build.0 = Release|Any CPU
		{96A5829A-95F7-425C-92FC-4F0E78C3550F}.Debug|Any CPU.ActiveCfg = Debug|Any CPU
		{96A5829A-95F7-425C-92FC-4F0E78C3550F}.Debug|Any CPU.Build.0 = Debug|Any CPU
		{96A5829A-95F7-425C-92FC-4F0E78C3550F}.Release|Any CPU.ActiveCfg = Release|Any CPU
		{96A5829A-95F7-425C-92FC-4F0E78C3550F}.Release|Any CPU.Build.0 = Release|Any CPU
		{4F35FCEB-5C31-44E5-8F88-895608DF729B}.Debug|Any CPU.ActiveCfg = Debug|Any CPU
		{4F35FCEB-5C31-44E5-8F88-895608DF729B}.Debug|Any CPU.Build.0 = Debug|Any CPU
		{4F35FCEB-5C31-44E5-8F88-895608DF729B}.Release|Any CPU.ActiveCfg = Release|Any CPU
		{4F35FCEB-5C31-44E5-8F88-895608DF729B}.Release|Any CPU.Build.0 = Release|Any CPU
		{2339D0B1-2793-415C-BE69-896A7345E6F4}.Debug|Any CPU.ActiveCfg = Debug|Any CPU
		{2339D0B1-2793-415C-BE69-896A7345E6F4}.Debug|Any CPU.Build.0 = Debug|Any CPU
		{2339D0B1-2793-415C-BE69-896A7345E6F4}.Release|Any CPU.ActiveCfg = Release|Any CPU
		{2339D0B1-2793-415C-BE69-896A7345E6F4}.Release|Any CPU.Build.0 = Release|Any CPU
		{85959071-2F3D-47FA-AD4E-CBA8335D2A54}.Debug|Any CPU.ActiveCfg = Debug|Any CPU
		{85959071-2F3D-47FA-AD4E-CBA8335D2A54}.Debug|Any CPU.Build.0 = Debug|Any CPU
		{85959071-2F3D-47FA-AD4E-CBA8335D2A54}.Release|Any CPU.ActiveCfg = Release|Any CPU
		{85959071-2F3D-47FA-AD4E-CBA8335D2A54}.Release|Any CPU.Build.0 = Release|Any CPU
		{78BBFDA3-C099-4B92-906E-331651B3B812}.Debug|Any CPU.ActiveCfg = Debug|Any CPU
		{78BBFDA3-C099-4B92-906E-331651B3B812}.Debug|Any CPU.Build.0 = Debug|Any CPU
		{78BBFDA3-C099-4B92-906E-331651B3B812}.Release|Any CPU.ActiveCfg = Release|Any CPU
		{78BBFDA3-C099-4B92-906E-331651B3B812}.Release|Any CPU.Build.0 = Release|Any CPU
		{5B668B00-41E3-417E-A3AC-D8FD0326DF39}.Debug|Any CPU.ActiveCfg = Debug|Any CPU
		{5B668B00-41E3-417E-A3AC-D8FD0326DF39}.Debug|Any CPU.Build.0 = Debug|Any CPU
		{5B668B00-41E3-417E-A3AC-D8FD0326DF39}.Release|Any CPU.ActiveCfg = Release|Any CPU
		{5B668B00-41E3-417E-A3AC-D8FD0326DF39}.Release|Any CPU.Build.0 = Release|Any CPU
		{75A9EDEE-8D3A-4C8E-ACE9-4B32B9CEBCEC}.Debug|Any CPU.ActiveCfg = Debug|Any CPU
		{75A9EDEE-8D3A-4C8E-ACE9-4B32B9CEBCEC}.Debug|Any CPU.Build.0 = Debug|Any CPU
		{75A9EDEE-8D3A-4C8E-ACE9-4B32B9CEBCEC}.Release|Any CPU.ActiveCfg = Release|Any CPU
		{75A9EDEE-8D3A-4C8E-ACE9-4B32B9CEBCEC}.Release|Any CPU.Build.0 = Release|Any CPU
		{6CBC5C3E-A770-4460-8BAF-26E2532EDC3E}.Debug|Any CPU.ActiveCfg = Debug|Any CPU
		{6CBC5C3E-A770-4460-8BAF-26E2532EDC3E}.Debug|Any CPU.Build.0 = Debug|Any CPU
		{6CBC5C3E-A770-4460-8BAF-26E2532EDC3E}.Release|Any CPU.ActiveCfg = Release|Any CPU
		{6CBC5C3E-A770-4460-8BAF-26E2532EDC3E}.Release|Any CPU.Build.0 = Release|Any CPU
	EndGlobalSection
	GlobalSection(SolutionProperties) = preSolution
		HideSolutionNode = FALSE
	EndGlobalSection
	GlobalSection(ExtensibilityGlobals) = postSolution
		SolutionGuid = {ABAE5FF5-4DB3-4911-9A91-D3FB2DDF946D}
	EndGlobalSection
EndGlobal
